// !$*UTF8*$!
{
	archiveVersion = 1;
	classes = {
	};
	objectVersion = 46;
	objects = {

/* Begin PBXBuildFile section */
		290479AC1E82DAFA006D3A18 /* MapKit.framework in Frameworks */ = {isa = PBXBuildFile; fileRef = 290479AB1E82DAFA006D3A18 /* MapKit.framework */; };
		290529521E7E3E3E00362303 /* DetailsVC.swift in Sources */ = {isa = PBXBuildFile; fileRef = 290529511E7E3E3E00362303 /* DetailsVC.swift */; };
		29225A471E81D6AC00131316 /* MapVC.swift in Sources */ = {isa = PBXBuildFile; fileRef = 29225A461E81D6AC00131316 /* MapVC.swift */; };
		2923A20A1E80389000D27849 /* WebVC.swift in Sources */ = {isa = PBXBuildFile; fileRef = 2923A2091E80389000D27849 /* WebVC.swift */; };
		293AA8151E46B73C005FD069 /* road.png in Resources */ = {isa = PBXBuildFile; fileRef = 293AA8141E46B73C005FD069 /* road.png */; };
		2970BAE11E652C8F00092158 /* CompareVC.swift in Sources */ = {isa = PBXBuildFile; fileRef = 2970BAE01E652C8F00092158 /* CompareVC.swift */; };
		2998CB921EA1A0D800947CEF /* SavedSearchesTableViewController.swift in Sources */ = {isa = PBXBuildFile; fileRef = 2998CB911EA1A0D800947CEF /* SavedSearchesTableViewController.swift */; };
		2998CB941EA3308D00947CEF /* SavedSearchVC.swift in Sources */ = {isa = PBXBuildFile; fileRef = 2998CB931EA3308D00947CEF /* SavedSearchVC.swift */; };
		29A4FD6D1E9C21650021A071 /* AutoBuddyUITests.swift in Sources */ = {isa = PBXBuildFile; fileRef = 29A4FD6C1E9C21650021A071 /* AutoBuddyUITests.swift */; };
		29A4FD7B1E9C6EF30021A071 /* AutoBuddyTests.swift in Sources */ = {isa = PBXBuildFile; fileRef = 29A4FD7A1E9C6EF30021A071 /* AutoBuddyTests.swift */; };
		29A956691E303CA700AAAD08 /* AppDelegate.swift in Sources */ = {isa = PBXBuildFile; fileRef = 29A956681E303CA700AAAD08 /* AppDelegate.swift */; };
		29A9566B1E303CA700AAAD08 /* LoginVC.swift in Sources */ = {isa = PBXBuildFile; fileRef = 29A9566A1E303CA700AAAD08 /* LoginVC.swift */; };
		29A9566E1E303CA700AAAD08 /* Main.storyboard in Resources */ = {isa = PBXBuildFile; fileRef = 29A9566C1E303CA700AAAD08 /* Main.storyboard */; };
		29A956701E303CA700AAAD08 /* Assets.xcassets in Resources */ = {isa = PBXBuildFile; fileRef = 29A9566F1E303CA700AAAD08 /* Assets.xcassets */; };
		29A956731E303CA700AAAD08 /* LaunchScreen.storyboard in Resources */ = {isa = PBXBuildFile; fileRef = 29A956711E303CA700AAAD08 /* LaunchScreen.storyboard */; };
		29C38A811E84C4D000BEA22D /* rs5_40_pt.png in Resources */ = {isa = PBXBuildFile; fileRef = 29C38A7D1E84C4D000BEA22D /* rs5_40_pt.png */; };
		29C38A841E84C5BD00BEA22D /* rs5_60_pt.png in Resources */ = {isa = PBXBuildFile; fileRef = 29C38A831E84C5BD00BEA22D /* rs5_60_pt.png */; };
		29C38A871E84C69800BEA22D /* rs5_120_pt.png in Resources */ = {isa = PBXBuildFile; fileRef = 29C38A851E84C69800BEA22D /* rs5_120_pt.png */; };
		29C38A881E84C69800BEA22D /* rs5_180_pt.png in Resources */ = {isa = PBXBuildFile; fileRef = 29C38A861E84C69800BEA22D /* rs5_180_pt.png */; };
		29C38A8A1E84C6E800BEA22D /* rs5_80_pt.png in Resources */ = {isa = PBXBuildFile; fileRef = 29C38A891E84C6E800BEA22D /* rs5_80_pt.png */; };
		29C38A8D1E84C77600BEA22D /* rs5_58_pt.png in Resources */ = {isa = PBXBuildFile; fileRef = 29C38A8B1E84C77600BEA22D /* rs5_58_pt.png */; };
		29C38A8E1E84C77600BEA22D /* rs5_87_pt.png in Resources */ = {isa = PBXBuildFile; fileRef = 29C38A8C1E84C77600BEA22D /* rs5_87_pt.png */; };
		29F7BE751E61235C005B3963 /* GoogleService-Info.plist in Resources */ = {isa = PBXBuildFile; fileRef = 29F7BE741E61235C005B3963 /* GoogleService-Info.plist */; };
		CC76BFF25013378189C80942 /* Pods_AutoBuddyTests.framework in Frameworks */ = {isa = PBXBuildFile; fileRef = 44AB0F912347AFCA41E151F4 /* Pods_AutoBuddyTests.framework */; };
		CFDEE945490EDC0A5029A693 /* Pods_AutoBuddy.framework in Frameworks */ = {isa = PBXBuildFile; fileRef = F4905EB247E4A3907C3BECA7 /* Pods_AutoBuddy.framework */; };
/* End PBXBuildFile section */

/* Begin PBXContainerItemProxy section */
		29A4FD6F1E9C21650021A071 /* PBXContainerItemProxy */ = {
			isa = PBXContainerItemProxy;
			containerPortal = 29A9565D1E303CA700AAAD08 /* Project object */;
			proxyType = 1;
			remoteGlobalIDString = 29A956641E303CA700AAAD08;
			remoteInfo = AutoBuddy;
		};
		29A4FD7D1E9C6EF30021A071 /* PBXContainerItemProxy */ = {
			isa = PBXContainerItemProxy;
			containerPortal = 29A9565D1E303CA700AAAD08 /* Project object */;
			proxyType = 1;
			remoteGlobalIDString = 29A956641E303CA700AAAD08;
			remoteInfo = AutoBuddy;
		};
/* End PBXContainerItemProxy section */

/* Begin PBXFileReference section */
		290479AB1E82DAFA006D3A18 /* MapKit.framework */ = {isa = PBXFileReference; lastKnownFileType = wrapper.framework; name = MapKit.framework; path = System/Library/Frameworks/MapKit.framework; sourceTree = SDKROOT; };
		290529511E7E3E3E00362303 /* DetailsVC.swift */ = {isa = PBXFileReference; fileEncoding = 4; lastKnownFileType = sourcecode.swift; path = DetailsVC.swift; sourceTree = "<group>"; };
		29225A461E81D6AC00131316 /* MapVC.swift */ = {isa = PBXFileReference; fileEncoding = 4; lastKnownFileType = sourcecode.swift; path = MapVC.swift; sourceTree = "<group>"; };
		2923A2091E80389000D27849 /* WebVC.swift */ = {isa = PBXFileReference; fileEncoding = 4; lastKnownFileType = sourcecode.swift; path = WebVC.swift; sourceTree = "<group>"; };
		293AA8141E46B73C005FD069 /* road.png */ = {isa = PBXFileReference; lastKnownFileType = image.png; name = road.png; path = Assets.xcassets/road.png; sourceTree = "<group>"; };
		2970BAE01E652C8F00092158 /* CompareVC.swift */ = {isa = PBXFileReference; fileEncoding = 4; lastKnownFileType = sourcecode.swift; path = CompareVC.swift; sourceTree = "<group>"; };
		2998CB911EA1A0D800947CEF /* SavedSearchesTableViewController.swift */ = {isa = PBXFileReference; fileEncoding = 4; lastKnownFileType = sourcecode.swift; path = SavedSearchesTableViewController.swift; sourceTree = "<group>"; };
		2998CB931EA3308D00947CEF /* SavedSearchVC.swift */ = {isa = PBXFileReference; fileEncoding = 4; lastKnownFileType = sourcecode.swift; path = SavedSearchVC.swift; sourceTree = "<group>"; };
		29A4FD6A1E9C21650021A071 /* AutoBuddyUITests.xctest */ = {isa = PBXFileReference; explicitFileType = wrapper.cfbundle; includeInIndex = 0; path = AutoBuddyUITests.xctest; sourceTree = BUILT_PRODUCTS_DIR; };
		29A4FD6C1E9C21650021A071 /* AutoBuddyUITests.swift */ = {isa = PBXFileReference; lastKnownFileType = sourcecode.swift; path = AutoBuddyUITests.swift; sourceTree = "<group>"; };
		29A4FD6E1E9C21650021A071 /* Info.plist */ = {isa = PBXFileReference; lastKnownFileType = text.plist.xml; path = Info.plist; sourceTree = "<group>"; };
		29A4FD781E9C6EF20021A071 /* AutoBuddyTests.xctest */ = {isa = PBXFileReference; explicitFileType = wrapper.cfbundle; includeInIndex = 0; path = AutoBuddyTests.xctest; sourceTree = BUILT_PRODUCTS_DIR; };
		29A4FD7A1E9C6EF30021A071 /* AutoBuddyTests.swift */ = {isa = PBXFileReference; lastKnownFileType = sourcecode.swift; path = AutoBuddyTests.swift; sourceTree = "<group>"; };
		29A4FD7C1E9C6EF30021A071 /* Info.plist */ = {isa = PBXFileReference; lastKnownFileType = text.plist.xml; path = Info.plist; sourceTree = "<group>"; };
		29A956651E303CA700AAAD08 /* AutoBuddy.app */ = {isa = PBXFileReference; explicitFileType = wrapper.application; includeInIndex = 0; path = AutoBuddy.app; sourceTree = BUILT_PRODUCTS_DIR; };
		29A956681E303CA700AAAD08 /* AppDelegate.swift */ = {isa = PBXFileReference; lastKnownFileType = sourcecode.swift; path = AppDelegate.swift; sourceTree = "<group>"; };
		29A9566A1E303CA700AAAD08 /* LoginVC.swift */ = {isa = PBXFileReference; lastKnownFileType = sourcecode.swift; path = LoginVC.swift; sourceTree = "<group>"; };
		29A9566D1E303CA700AAAD08 /* Base */ = {isa = PBXFileReference; lastKnownFileType = file.storyboard; name = Base; path = Base.lproj/Main.storyboard; sourceTree = "<group>"; };
		29A9566F1E303CA700AAAD08 /* Assets.xcassets */ = {isa = PBXFileReference; lastKnownFileType = folder.assetcatalog; path = Assets.xcassets; sourceTree = "<group>"; };
		29A956721E303CA700AAAD08 /* Base */ = {isa = PBXFileReference; lastKnownFileType = file.storyboard; name = Base; path = Base.lproj/LaunchScreen.storyboard; sourceTree = "<group>"; };
		29A956741E303CA700AAAD08 /* Info.plist */ = {isa = PBXFileReference; lastKnownFileType = text.plist.xml; path = Info.plist; sourceTree = "<group>"; };
		29C38A7D1E84C4D000BEA22D /* rs5_40_pt.png */ = {isa = PBXFileReference; lastKnownFileType = image.png; name = rs5_40_pt.png; path = Assets.xcassets/rs5_40_pt.png; sourceTree = "<group>"; };
		29C38A831E84C5BD00BEA22D /* rs5_60_pt.png */ = {isa = PBXFileReference; lastKnownFileType = image.png; name = rs5_60_pt.png; path = Assets.xcassets/rs5_60_pt.png; sourceTree = "<group>"; };
		29C38A851E84C69800BEA22D /* rs5_120_pt.png */ = {isa = PBXFileReference; lastKnownFileType = image.png; name = rs5_120_pt.png; path = Assets.xcassets/rs5_120_pt.png; sourceTree = "<group>"; };
		29C38A861E84C69800BEA22D /* rs5_180_pt.png */ = {isa = PBXFileReference; lastKnownFileType = image.png; name = rs5_180_pt.png; path = Assets.xcassets/rs5_180_pt.png; sourceTree = "<group>"; };
		29C38A891E84C6E800BEA22D /* rs5_80_pt.png */ = {isa = PBXFileReference; lastKnownFileType = image.png; name = rs5_80_pt.png; path = Assets.xcassets/rs5_80_pt.png; sourceTree = "<group>"; };
		29C38A8B1E84C77600BEA22D /* rs5_58_pt.png */ = {isa = PBXFileReference; lastKnownFileType = image.png; name = rs5_58_pt.png; path = Assets.xcassets/rs5_58_pt.png; sourceTree = "<group>"; };
		29C38A8C1E84C77600BEA22D /* rs5_87_pt.png */ = {isa = PBXFileReference; lastKnownFileType = image.png; name = rs5_87_pt.png; path = Assets.xcassets/rs5_87_pt.png; sourceTree = "<group>"; };
		29F7BE741E61235C005B3963 /* GoogleService-Info.plist */ = {isa = PBXFileReference; fileEncoding = 4; lastKnownFileType = text.plist.xml; path = "GoogleService-Info.plist"; sourceTree = "<group>"; };
		2C21B46B95A5F834BB594115 /* Pods-AutoBuddy.release.xcconfig */ = {isa = PBXFileReference; includeInIndex = 1; lastKnownFileType = text.xcconfig; name = "Pods-AutoBuddy.release.xcconfig"; path = "Pods/Target Support Files/Pods-AutoBuddy/Pods-AutoBuddy.release.xcconfig"; sourceTree = "<group>"; };
		2E7748667A45FBA5BA172FF8 /* Pods-AutoBuddy.debug.xcconfig */ = {isa = PBXFileReference; includeInIndex = 1; lastKnownFileType = text.xcconfig; name = "Pods-AutoBuddy.debug.xcconfig"; path = "Pods/Target Support Files/Pods-AutoBuddy/Pods-AutoBuddy.debug.xcconfig"; sourceTree = "<group>"; };
		3140874A7544830A0AF6CA43 /* Pods-AutoBuddyTests.debug.xcconfig */ = {isa = PBXFileReference; includeInIndex = 1; lastKnownFileType = text.xcconfig; name = "Pods-AutoBuddyTests.debug.xcconfig"; path = "Pods/Target Support Files/Pods-AutoBuddyTests/Pods-AutoBuddyTests.debug.xcconfig"; sourceTree = "<group>"; };
		44AB0F912347AFCA41E151F4 /* Pods_AutoBuddyTests.framework */ = {isa = PBXFileReference; explicitFileType = wrapper.framework; includeInIndex = 0; path = Pods_AutoBuddyTests.framework; sourceTree = BUILT_PRODUCTS_DIR; };
		5DA66CF9A6C455E7821B1ED0 /* Pods-AutoBuddyTests.release.xcconfig */ = {isa = PBXFileReference; includeInIndex = 1; lastKnownFileType = text.xcconfig; name = "Pods-AutoBuddyTests.release.xcconfig"; path = "Pods/Target Support Files/Pods-AutoBuddyTests/Pods-AutoBuddyTests.release.xcconfig"; sourceTree = "<group>"; };
		F4905EB247E4A3907C3BECA7 /* Pods_AutoBuddy.framework */ = {isa = PBXFileReference; explicitFileType = wrapper.framework; includeInIndex = 0; path = Pods_AutoBuddy.framework; sourceTree = BUILT_PRODUCTS_DIR; };
/* End PBXFileReference section */

/* Begin PBXFrameworksBuildPhase section */
		29A4FD671E9C21650021A071 /* Frameworks */ = {
			isa = PBXFrameworksBuildPhase;
			buildActionMask = 2147483647;
			files = (
			);
			runOnlyForDeploymentPostprocessing = 0;
		};
		29A4FD751E9C6EF20021A071 /* Frameworks */ = {
			isa = PBXFrameworksBuildPhase;
			buildActionMask = 2147483647;
			files = (
				CC76BFF25013378189C80942 /* Pods_AutoBuddyTests.framework in Frameworks */,
			);
			runOnlyForDeploymentPostprocessing = 0;
		};
		29A956621E303CA700AAAD08 /* Frameworks */ = {
			isa = PBXFrameworksBuildPhase;
			buildActionMask = 2147483647;
			files = (
				290479AC1E82DAFA006D3A18 /* MapKit.framework in Frameworks */,
				CFDEE945490EDC0A5029A693 /* Pods_AutoBuddy.framework in Frameworks */,
			);
			runOnlyForDeploymentPostprocessing = 0;
		};
/* End PBXFrameworksBuildPhase section */

/* Begin PBXGroup section */
		1D0BDB2A77A98DBA9179D520 /* Frameworks */ = {
			isa = PBXGroup;
			children = (
				290479AB1E82DAFA006D3A18 /* MapKit.framework */,
				F4905EB247E4A3907C3BECA7 /* Pods_AutoBuddy.framework */,
				44AB0F912347AFCA41E151F4 /* Pods_AutoBuddyTests.framework */,
			);
			name = Frameworks;
			sourceTree = "<group>";
		};
		29A4FD6B1E9C21650021A071 /* AutoBuddyUITests */ = {
			isa = PBXGroup;
			children = (
				29A4FD6C1E9C21650021A071 /* AutoBuddyUITests.swift */,
				29A4FD6E1E9C21650021A071 /* Info.plist */,
			);
			path = AutoBuddyUITests;
			sourceTree = "<group>";
		};
		29A4FD791E9C6EF20021A071 /* AutoBuddyTests */ = {
			isa = PBXGroup;
			children = (
				29A4FD7A1E9C6EF30021A071 /* AutoBuddyTests.swift */,
				29A4FD7C1E9C6EF30021A071 /* Info.plist */,
			);
			path = AutoBuddyTests;
			sourceTree = "<group>";
		};
		29A9565C1E303CA700AAAD08 = {
			isa = PBXGroup;
			children = (
				29A956671E303CA700AAAD08 /* AutoBuddy */,
				29A4FD6B1E9C21650021A071 /* AutoBuddyUITests */,
				29A4FD791E9C6EF20021A071 /* AutoBuddyTests */,
				29A956661E303CA700AAAD08 /* Products */,
				FCAB78C52554BB271DF22CE5 /* Pods */,
				1D0BDB2A77A98DBA9179D520 /* Frameworks */,
			);
			sourceTree = "<group>";
		};
		29A956661E303CA700AAAD08 /* Products */ = {
			isa = PBXGroup;
			children = (
				29A956651E303CA700AAAD08 /* AutoBuddy.app */,
				29A4FD6A1E9C21650021A071 /* AutoBuddyUITests.xctest */,
				29A4FD781E9C6EF20021A071 /* AutoBuddyTests.xctest */,
			);
			name = Products;
			sourceTree = "<group>";
		};
		29A956671E303CA700AAAD08 /* AutoBuddy */ = {
			isa = PBXGroup;
			children = (
				29A956681E303CA700AAAD08 /* AppDelegate.swift */,
				29A9566A1E303CA700AAAD08 /* LoginVC.swift */,
				2970BAE01E652C8F00092158 /* CompareVC.swift */,
				290529511E7E3E3E00362303 /* DetailsVC.swift */,
				29A9566C1E303CA700AAAD08 /* Main.storyboard */,
				2998CB931EA3308D00947CEF /* SavedSearchVC.swift */,
				2998CB911EA1A0D800947CEF /* SavedSearchesTableViewController.swift */,
				29225A461E81D6AC00131316 /* MapVC.swift */,
				29A9566F1E303CA700AAAD08 /* Assets.xcassets */,
				29C38A7D1E84C4D000BEA22D /* rs5_40_pt.png */,
				29C38A8B1E84C77600BEA22D /* rs5_58_pt.png */,
				29C38A831E84C5BD00BEA22D /* rs5_60_pt.png */,
				29C38A891E84C6E800BEA22D /* rs5_80_pt.png */,
				29C38A8C1E84C77600BEA22D /* rs5_87_pt.png */,
				29C38A851E84C69800BEA22D /* rs5_120_pt.png */,
				29C38A861E84C69800BEA22D /* rs5_180_pt.png */,
				293AA8141E46B73C005FD069 /* road.png */,
				29A956711E303CA700AAAD08 /* LaunchScreen.storyboard */,
				29A956741E303CA700AAAD08 /* Info.plist */,
				29F7BE741E61235C005B3963 /* GoogleService-Info.plist */,
				2923A2091E80389000D27849 /* WebVC.swift */,
			);
			path = AutoBuddy;
			sourceTree = "<group>";
		};
		FCAB78C52554BB271DF22CE5 /* Pods */ = {
			isa = PBXGroup;
			children = (
				2E7748667A45FBA5BA172FF8 /* Pods-AutoBuddy.debug.xcconfig */,
				2C21B46B95A5F834BB594115 /* Pods-AutoBuddy.release.xcconfig */,
				3140874A7544830A0AF6CA43 /* Pods-AutoBuddyTests.debug.xcconfig */,
				5DA66CF9A6C455E7821B1ED0 /* Pods-AutoBuddyTests.release.xcconfig */,
			);
			name = Pods;
			sourceTree = "<group>";
		};
/* End PBXGroup section */

/* Begin PBXNativeTarget section */
		29A4FD691E9C21650021A071 /* AutoBuddyUITests */ = {
			isa = PBXNativeTarget;
			buildConfigurationList = 29A4FD731E9C21650021A071 /* Build configuration list for PBXNativeTarget "AutoBuddyUITests" */;
			buildPhases = (
				29A4FD661E9C21650021A071 /* Sources */,
				29A4FD671E9C21650021A071 /* Frameworks */,
				29A4FD681E9C21650021A071 /* Resources */,
			);
			buildRules = (
			);
			dependencies = (
				29A4FD701E9C21650021A071 /* PBXTargetDependency */,
			);
			name = AutoBuddyUITests;
			productName = AutoBuddyUITests;
			productReference = 29A4FD6A1E9C21650021A071 /* AutoBuddyUITests.xctest */;
			productType = "com.apple.product-type.bundle.ui-testing";
		};
		29A4FD771E9C6EF20021A071 /* AutoBuddyTests */ = {
			isa = PBXNativeTarget;
			buildConfigurationList = 29A4FD7F1E9C6EF30021A071 /* Build configuration list for PBXNativeTarget "AutoBuddyTests" */;
			buildPhases = (
				DCEB5C3A49FF5452BE15A105 /* [CP] Check Pods Manifest.lock */,
				29A4FD741E9C6EF20021A071 /* Sources */,
				29A4FD751E9C6EF20021A071 /* Frameworks */,
				29A4FD761E9C6EF20021A071 /* Resources */,
				7C7A3870854E5E5FA0525C9A /* [CP] Embed Pods Frameworks */,
				4E8ADF6E232CC660BC0385B6 /* [CP] Copy Pods Resources */,
			);
			buildRules = (
			);
			dependencies = (
				29A4FD7E1E9C6EF30021A071 /* PBXTargetDependency */,
			);
			name = AutoBuddyTests;
			productName = AutoBuddyTests;
			productReference = 29A4FD781E9C6EF20021A071 /* AutoBuddyTests.xctest */;
			productType = "com.apple.product-type.bundle.unit-test";
		};
		29A956641E303CA700AAAD08 /* AutoBuddy */ = {
			isa = PBXNativeTarget;
			buildConfigurationList = 29A956771E303CA700AAAD08 /* Build configuration list for PBXNativeTarget "AutoBuddy" */;
			buildPhases = (
				E84CBB7347D9F4886B77FF32 /* [CP] Check Pods Manifest.lock */,
				29A956611E303CA700AAAD08 /* Sources */,
				29A956621E303CA700AAAD08 /* Frameworks */,
				29A956631E303CA700AAAD08 /* Resources */,
				952290375E870CADF8BADDF5 /* [CP] Embed Pods Frameworks */,
				817A021CAE7E50299659972A /* [CP] Copy Pods Resources */,
			);
			buildRules = (
			);
			dependencies = (
			);
			name = AutoBuddy;
			productName = AutoBuddy;
			productReference = 29A956651E303CA700AAAD08 /* AutoBuddy.app */;
			productType = "com.apple.product-type.application";
		};
/* End PBXNativeTarget section */

/* Begin PBXProject section */
		29A9565D1E303CA700AAAD08 /* Project object */ = {
			isa = PBXProject;
			attributes = {
				LastSwiftUpdateCheck = 0830;
				LastUpgradeCheck = 0820;
				ORGANIZATIONNAME = "Jordan Kauffman";
				TargetAttributes = {
					29A4FD691E9C21650021A071 = {
						CreatedOnToolsVersion = 8.3;
						ProvisioningStyle = Automatic;
						TestTargetID = 29A956641E303CA700AAAD08;
					};
					29A4FD771E9C6EF20021A071 = {
						CreatedOnToolsVersion = 8.3;
						ProvisioningStyle = Automatic;
						TestTargetID = 29A956641E303CA700AAAD08;
					};
					29A956641E303CA700AAAD08 = {
						CreatedOnToolsVersion = 8.2.1;
						DevelopmentTeam = XC29ANQV89;
						ProvisioningStyle = Automatic;
						SystemCapabilities = {
							com.apple.Maps.iOS = {
								enabled = 1;
							};
						};
					};
				};
			};
			buildConfigurationList = 29A956601E303CA700AAAD08 /* Build configuration list for PBXProject "AutoBuddy" */;
			compatibilityVersion = "Xcode 3.2";
			developmentRegion = English;
			hasScannedForEncodings = 0;
			knownRegions = (
				en,
				Base,
			);
			mainGroup = 29A9565C1E303CA700AAAD08;
			productRefGroup = 29A956661E303CA700AAAD08 /* Products */;
			projectDirPath = "";
			projectRoot = "";
			targets = (
				29A956641E303CA700AAAD08 /* AutoBuddy */,
				29A4FD691E9C21650021A071 /* AutoBuddyUITests */,
				29A4FD771E9C6EF20021A071 /* AutoBuddyTests */,
			);
		};
/* End PBXProject section */

/* Begin PBXResourcesBuildPhase section */
		29A4FD681E9C21650021A071 /* Resources */ = {
			isa = PBXResourcesBuildPhase;
			buildActionMask = 2147483647;
			files = (
			);
			runOnlyForDeploymentPostprocessing = 0;
		};
		29A4FD761E9C6EF20021A071 /* Resources */ = {
			isa = PBXResourcesBuildPhase;
			buildActionMask = 2147483647;
			files = (
			);
			runOnlyForDeploymentPostprocessing = 0;
		};
		29A956631E303CA700AAAD08 /* Resources */ = {
			isa = PBXResourcesBuildPhase;
			buildActionMask = 2147483647;
			files = (
				29C38A871E84C69800BEA22D /* rs5_120_pt.png in Resources */,
				29C38A881E84C69800BEA22D /* rs5_180_pt.png in Resources */,
				29C38A8D1E84C77600BEA22D /* rs5_58_pt.png in Resources */,
				29A956731E303CA700AAAD08 /* LaunchScreen.storyboard in Resources */,
				29C38A811E84C4D000BEA22D /* rs5_40_pt.png in Resources */,
				293AA8151E46B73C005FD069 /* road.png in Resources */,
				29F7BE751E61235C005B3963 /* GoogleService-Info.plist in Resources */,
				29A956701E303CA700AAAD08 /* Assets.xcassets in Resources */,
				29A9566E1E303CA700AAAD08 /* Main.storyboard in Resources */,
				29C38A8E1E84C77600BEA22D /* rs5_87_pt.png in Resources */,
				29C38A8A1E84C6E800BEA22D /* rs5_80_pt.png in Resources */,
				29C38A841E84C5BD00BEA22D /* rs5_60_pt.png in Resources */,
			);
			runOnlyForDeploymentPostprocessing = 0;
		};
/* End PBXResourcesBuildPhase section */

/* Begin PBXShellScriptBuildPhase section */
		4E8ADF6E232CC660BC0385B6 /* [CP] Copy Pods Resources */ = {
			isa = PBXShellScriptBuildPhase;
			buildActionMask = 2147483647;
			files = (
			);
			inputPaths = (
			);
			name = "[CP] Copy Pods Resources";
			outputPaths = (
			);
			runOnlyForDeploymentPostprocessing = 0;
			shellPath = /bin/sh;
			shellScript = "\"${SRCROOT}/Pods/Target Support Files/Pods-AutoBuddyTests/Pods-AutoBuddyTests-resources.sh\"\n";
			showEnvVarsInLog = 0;
		};
		7C7A3870854E5E5FA0525C9A /* [CP] Embed Pods Frameworks */ = {
			isa = PBXShellScriptBuildPhase;
			buildActionMask = 2147483647;
			files = (
			);
			inputPaths = (
			);
			name = "[CP] Embed Pods Frameworks";
			outputPaths = (
			);
			runOnlyForDeploymentPostprocessing = 0;
			shellPath = /bin/sh;
			shellScript = "\"${SRCROOT}/Pods/Target Support Files/Pods-AutoBuddyTests/Pods-AutoBuddyTests-frameworks.sh\"\n";
			showEnvVarsInLog = 0;
		};
		817A021CAE7E50299659972A /* [CP] Copy Pods Resources */ = {
			isa = PBXShellScriptBuildPhase;
			buildActionMask = 2147483647;
			files = (
			);
			inputPaths = (
			);
			name = "[CP] Copy Pods Resources";
			outputPaths = (
			);
			runOnlyForDeploymentPostprocessing = 0;
			shellPath = /bin/sh;
			shellScript = "\"${SRCROOT}/Pods/Target Support Files/Pods-AutoBuddy/Pods-AutoBuddy-resources.sh\"\n";
			showEnvVarsInLog = 0;
		};
		952290375E870CADF8BADDF5 /* [CP] Embed Pods Frameworks */ = {
			isa = PBXShellScriptBuildPhase;
			buildActionMask = 2147483647;
			files = (
			);
			inputPaths = (
			);
			name = "[CP] Embed Pods Frameworks";
			outputPaths = (
			);
			runOnlyForDeploymentPostprocessing = 0;
			shellPath = /bin/sh;
			shellScript = "\"${SRCROOT}/Pods/Target Support Files/Pods-AutoBuddy/Pods-AutoBuddy-frameworks.sh\"\n";
			showEnvVarsInLog = 0;
		};
		DCEB5C3A49FF5452BE15A105 /* [CP] Check Pods Manifest.lock */ = {
			isa = PBXShellScriptBuildPhase;
			buildActionMask = 2147483647;
			files = (
			);
			inputPaths = (
			);
			name = "[CP] Check Pods Manifest.lock";
			outputPaths = (
			);
			runOnlyForDeploymentPostprocessing = 0;
			shellPath = /bin/sh;
			shellScript = "diff \"${PODS_ROOT}/../Podfile.lock\" \"${PODS_ROOT}/Manifest.lock\" > /dev/null\nif [ $? != 0 ] ; then\n    # print error to STDERR\n    echo \"error: The sandbox is not in sync with the Podfile.lock. Run 'pod install' or update your CocoaPods installation.\" >&2\n    exit 1\nfi\n";
			showEnvVarsInLog = 0;
		};
		E84CBB7347D9F4886B77FF32 /* [CP] Check Pods Manifest.lock */ = {
			isa = PBXShellScriptBuildPhase;
			buildActionMask = 2147483647;
			files = (
			);
			inputPaths = (
			);
			name = "[CP] Check Pods Manifest.lock";
			outputPaths = (
			);
			runOnlyForDeploymentPostprocessing = 0;
			shellPath = /bin/sh;
			shellScript = "diff \"${PODS_ROOT}/../Podfile.lock\" \"${PODS_ROOT}/Manifest.lock\" > /dev/null\nif [ $? != 0 ] ; then\n    # print error to STDERR\n    echo \"error: The sandbox is not in sync with the Podfile.lock. Run 'pod install' or update your CocoaPods installation.\" >&2\n    exit 1\nfi\n";
			showEnvVarsInLog = 0;
		};
/* End PBXShellScriptBuildPhase section */

/* Begin PBXSourcesBuildPhase section */
		29A4FD661E9C21650021A071 /* Sources */ = {
			isa = PBXSourcesBuildPhase;
			buildActionMask = 2147483647;
			files = (
				29A4FD6D1E9C21650021A071 /* AutoBuddyUITests.swift in Sources */,
			);
			runOnlyForDeploymentPostprocessing = 0;
		};
		29A4FD741E9C6EF20021A071 /* Sources */ = {
			isa = PBXSourcesBuildPhase;
			buildActionMask = 2147483647;
			files = (
				29A4FD7B1E9C6EF30021A071 /* AutoBuddyTests.swift in Sources */,
			);
			runOnlyForDeploymentPostprocessing = 0;
		};
		29A956611E303CA700AAAD08 /* Sources */ = {
			isa = PBXSourcesBuildPhase;
			buildActionMask = 2147483647;
			files = (
				2998CB941EA3308D00947CEF /* SavedSearchVC.swift in Sources */,
				29A9566B1E303CA700AAAD08 /* LoginVC.swift in Sources */,
				29225A471E81D6AC00131316 /* MapVC.swift in Sources */,
				290529521E7E3E3E00362303 /* DetailsVC.swift in Sources */,
				2998CB921EA1A0D800947CEF /* SavedSearchesTableViewController.swift in Sources */,
				2923A20A1E80389000D27849 /* WebVC.swift in Sources */,
				2970BAE11E652C8F00092158 /* CompareVC.swift in Sources */,
				29A956691E303CA700AAAD08 /* AppDelegate.swift in Sources */,
			);
			runOnlyForDeploymentPostprocessing = 0;
		};
/* End PBXSourcesBuildPhase section */

/* Begin PBXTargetDependency section */
		29A4FD701E9C21650021A071 /* PBXTargetDependency */ = {
			isa = PBXTargetDependency;
			target = 29A956641E303CA700AAAD08 /* AutoBuddy */;
			targetProxy = 29A4FD6F1E9C21650021A071 /* PBXContainerItemProxy */;
		};
		29A4FD7E1E9C6EF30021A071 /* PBXTargetDependency */ = {
			isa = PBXTargetDependency;
			target = 29A956641E303CA700AAAD08 /* AutoBuddy */;
			targetProxy = 29A4FD7D1E9C6EF30021A071 /* PBXContainerItemProxy */;
		};
/* End PBXTargetDependency section */

/* Begin PBXVariantGroup section */
		29A9566C1E303CA700AAAD08 /* Main.storyboard */ = {
			isa = PBXVariantGroup;
			children = (
				29A9566D1E303CA700AAAD08 /* Base */,
			);
			name = Main.storyboard;
			sourceTree = "<group>";
		};
		29A956711E303CA700AAAD08 /* LaunchScreen.storyboard */ = {
			isa = PBXVariantGroup;
			children = (
				29A956721E303CA700AAAD08 /* Base */,
			);
			name = LaunchScreen.storyboard;
			sourceTree = "<group>";
		};
/* End PBXVariantGroup section */

/* Begin XCBuildConfiguration section */
		29A4FD711E9C21650021A071 /* Debug */ = {
			isa = XCBuildConfiguration;
			buildSettings = {
				CLANG_ANALYZER_NUMBER_OBJECT_CONVERSION = YES_AGGRESSIVE;
				INFOPLIST_FILE = AutoBuddyUITests/Info.plist;
				IPHONEOS_DEPLOYMENT_TARGET = 10.3;
				LD_RUNPATH_SEARCH_PATHS = "$(inherited) @executable_path/Frameworks @loader_path/Frameworks";
				PRODUCT_BUNDLE_IDENTIFIER = "Jordan-Kauffman.AutoBuddyUITests";
				PRODUCT_NAME = "$(TARGET_NAME)";
				SWIFT_VERSION = 3.0;
				TEST_TARGET_NAME = AutoBuddy;
			};
			name = Debug;
		};
		29A4FD721E9C21650021A071 /* Release */ = {
			isa = XCBuildConfiguration;
			buildSettings = {
				CLANG_ANALYZER_NUMBER_OBJECT_CONVERSION = YES_AGGRESSIVE;
				INFOPLIST_FILE = AutoBuddyUITests/Info.plist;
				IPHONEOS_DEPLOYMENT_TARGET = 10.3;
				LD_RUNPATH_SEARCH_PATHS = "$(inherited) @executable_path/Frameworks @loader_path/Frameworks";
				PRODUCT_BUNDLE_IDENTIFIER = "Jordan-Kauffman.AutoBuddyUITests";
				PRODUCT_NAME = "$(TARGET_NAME)";
				SWIFT_VERSION = 3.0;
				TEST_TARGET_NAME = AutoBuddy;
			};
			name = Release;
		};
		29A4FD801E9C6EF30021A071 /* Debug */ = {
			isa = XCBuildConfiguration;
			baseConfigurationReference = 3140874A7544830A0AF6CA43 /* Pods-AutoBuddyTests.debug.xcconfig */;
			buildSettings = {
				BUNDLE_LOADER = "$(TEST_HOST)";
				CLANG_ANALYZER_NUMBER_OBJECT_CONVERSION = YES_AGGRESSIVE;
				FRAMEWORK_SEARCH_PATHS = (
					"$(inherited)",
					"\"$PODS_CONFIGURATION_BUILD_DIR/GoogleToolboxForMac-Defines-NSData+zlib\"",
					"\"$PODS_CONFIGURATION_BUILD_DIR/GTMSessionFetcher\"",
					"\"$PODS_CONFIGURATION_BUILD_DIR/GoogleToolboxForMac-f0850809\"",
				);
				HEADER_SEARCH_PATHS = "";
				INFOPLIST_FILE = AutoBuddyTests/Info.plist;
				IPHONEOS_DEPLOYMENT_TARGET = 10.3;
				LD_RUNPATH_SEARCH_PATHS = "$(inherited) @executable_path/Frameworks @loader_path/Frameworks";
				PRODUCT_BUNDLE_IDENTIFIER = "Jordan-Kauffman.AutoBuddyTests";
				PRODUCT_NAME = "$(TARGET_NAME)";
				SWIFT_VERSION = 3.0;
				TEST_HOST = "$(BUILT_PRODUCTS_DIR)/AutoBuddy.app/AutoBuddy";
			};
			name = Debug;
		};
		29A4FD811E9C6EF30021A071 /* Release */ = {
			isa = XCBuildConfiguration;
			baseConfigurationReference = 5DA66CF9A6C455E7821B1ED0 /* Pods-AutoBuddyTests.release.xcconfig */;
			buildSettings = {
				BUNDLE_LOADER = "$(TEST_HOST)";
				CLANG_ANALYZER_NUMBER_OBJECT_CONVERSION = YES_AGGRESSIVE;
				FRAMEWORK_SEARCH_PATHS = (
					"$(inherited)",
					"\"$PODS_CONFIGURATION_BUILD_DIR/GoogleToolboxForMac-Defines-NSData+zlib\"",
					"\"$PODS_CONFIGURATION_BUILD_DIR/GTMSessionFetcher\"",
					"\"$PODS_CONFIGURATION_BUILD_DIR/GoogleToolboxForMac-f0850809\"",
				);
				HEADER_SEARCH_PATHS = "";
				INFOPLIST_FILE = AutoBuddyTests/Info.plist;
				IPHONEOS_DEPLOYMENT_TARGET = 10.3;
				LD_RUNPATH_SEARCH_PATHS = "$(inherited) @executable_path/Frameworks @loader_path/Frameworks";
				PRODUCT_BUNDLE_IDENTIFIER = "Jordan-Kauffman.AutoBuddyTests";
				PRODUCT_NAME = "$(TARGET_NAME)";
				SWIFT_VERSION = 3.0;
				TEST_HOST = "$(BUILT_PRODUCTS_DIR)/AutoBuddy.app/AutoBuddy";
			};
			name = Release;
		};
		29A956751E303CA700AAAD08 /* Debug */ = {
			isa = XCBuildConfiguration;
			buildSettings = {
				ALWAYS_SEARCH_USER_PATHS = NO;
				CLANG_ANALYZER_NONNULL = YES;
				CLANG_CXX_LANGUAGE_STANDARD = "gnu++0x";
				CLANG_CXX_LIBRARY = "libc++";
				CLANG_ENABLE_MODULES = YES;
				CLANG_ENABLE_OBJC_ARC = YES;
				CLANG_WARN_BOOL_CONVERSION = YES;
				CLANG_WARN_CONSTANT_CONVERSION = YES;
				CLANG_WARN_DIRECT_OBJC_ISA_USAGE = YES_ERROR;
				CLANG_WARN_DOCUMENTATION_COMMENTS = YES;
				CLANG_WARN_EMPTY_BODY = YES;
				CLANG_WARN_ENUM_CONVERSION = YES;
				CLANG_WARN_INFINITE_RECURSION = YES;
				CLANG_WARN_INT_CONVERSION = YES;
				CLANG_WARN_OBJC_ROOT_CLASS = YES_ERROR;
				CLANG_WARN_SUSPICIOUS_MOVE = YES;
				CLANG_WARN_UNREACHABLE_CODE = YES;
				CLANG_WARN__DUPLICATE_METHOD_MATCH = YES;
				"CODE_SIGN_IDENTITY[sdk=iphoneos*]" = "iPhone Developer";
				COPY_PHASE_STRIP = NO;
				DEBUG_INFORMATION_FORMAT = dwarf;
				ENABLE_STRICT_OBJC_MSGSEND = YES;
				ENABLE_TESTABILITY = YES;
				FRAMEWORK_SEARCH_PATHS = "";
				GCC_C_LANGUAGE_STANDARD = gnu99;
				GCC_DYNAMIC_NO_PIC = NO;
				GCC_NO_COMMON_BLOCKS = YES;
				GCC_OPTIMIZATION_LEVEL = 0;
				GCC_PREPROCESSOR_DEFINITIONS = (
					"DEBUG=1",
					"$(inherited)",
				);
				GCC_WARN_64_TO_32_BIT_CONVERSION = YES;
				GCC_WARN_ABOUT_RETURN_TYPE = YES_ERROR;
				GCC_WARN_UNDECLARED_SELECTOR = YES;
				GCC_WARN_UNINITIALIZED_AUTOS = YES_AGGRESSIVE;
				GCC_WARN_UNUSED_FUNCTION = YES;
				GCC_WARN_UNUSED_VARIABLE = YES;
				HEADER_SEARCH_PATHS = "";
				IPHONEOS_DEPLOYMENT_TARGET = 10.2;
				LIBRARY_SEARCH_PATHS = "";
				MTL_ENABLE_DEBUG_INFO = YES;
				ONLY_ACTIVE_ARCH = YES;
				SDKROOT = iphoneos;
				SWIFT_ACTIVE_COMPILATION_CONDITIONS = DEBUG;
				SWIFT_OPTIMIZATION_LEVEL = "-Onone";
				TARGETED_DEVICE_FAMILY = "1,2";
			};
			name = Debug;
		};
		29A956761E303CA700AAAD08 /* Release */ = {
			isa = XCBuildConfiguration;
			buildSettings = {
				ALWAYS_SEARCH_USER_PATHS = NO;
				CLANG_ANALYZER_NONNULL = YES;
				CLANG_CXX_LANGUAGE_STANDARD = "gnu++0x";
				CLANG_CXX_LIBRARY = "libc++";
				CLANG_ENABLE_MODULES = YES;
				CLANG_ENABLE_OBJC_ARC = YES;
				CLANG_WARN_BOOL_CONVERSION = YES;
				CLANG_WARN_CONSTANT_CONVERSION = YES;
				CLANG_WARN_DIRECT_OBJC_ISA_USAGE = YES_ERROR;
				CLANG_WARN_DOCUMENTATION_COMMENTS = YES;
				CLANG_WARN_EMPTY_BODY = YES;
				CLANG_WARN_ENUM_CONVERSION = YES;
				CLANG_WARN_INFINITE_RECURSION = YES;
				CLANG_WARN_INT_CONVERSION = YES;
				CLANG_WARN_OBJC_ROOT_CLASS = YES_ERROR;
				CLANG_WARN_SUSPICIOUS_MOVE = YES;
				CLANG_WARN_UNREACHABLE_CODE = YES;
				CLANG_WARN__DUPLICATE_METHOD_MATCH = YES;
				"CODE_SIGN_IDENTITY[sdk=iphoneos*]" = "iPhone Developer";
				COPY_PHASE_STRIP = NO;
				DEBUG_INFORMATION_FORMAT = "dwarf-with-dsym";
				ENABLE_NS_ASSERTIONS = NO;
				ENABLE_STRICT_OBJC_MSGSEND = YES;
				FRAMEWORK_SEARCH_PATHS = "";
				GCC_C_LANGUAGE_STANDARD = gnu99;
				GCC_NO_COMMON_BLOCKS = YES;
				GCC_WARN_64_TO_32_BIT_CONVERSION = YES;
				GCC_WARN_ABOUT_RETURN_TYPE = YES_ERROR;
				GCC_WARN_UNDECLARED_SELECTOR = YES;
				GCC_WARN_UNINITIALIZED_AUTOS = YES_AGGRESSIVE;
				GCC_WARN_UNUSED_FUNCTION = YES;
				GCC_WARN_UNUSED_VARIABLE = YES;
				HEADER_SEARCH_PATHS = "";
				IPHONEOS_DEPLOYMENT_TARGET = 10.2;
				LIBRARY_SEARCH_PATHS = "";
				MTL_ENABLE_DEBUG_INFO = NO;
				SDKROOT = iphoneos;
				SWIFT_OPTIMIZATION_LEVEL = "-Owholemodule";
				TARGETED_DEVICE_FAMILY = "1,2";
				VALIDATE_PRODUCT = YES;
			};
			name = Release;
		};
		29A956781E303CA700AAAD08 /* Debug */ = {
			isa = XCBuildConfiguration;
			baseConfigurationReference = 2E7748667A45FBA5BA172FF8 /* Pods-AutoBuddy.debug.xcconfig */;
			buildSettings = {
				ASSETCATALOG_COMPILER_APPICON_NAME = AppIcon;
				CODE_SIGN_IDENTITY = "iPhone Developer";
				"CODE_SIGN_IDENTITY[sdk=iphoneos*]" = "iPhone Developer";
				DEVELOPMENT_TEAM = XC29ANQV89;
				FRAMEWORK_SEARCH_PATHS = (
					"$(inherited)",
					"\"$PODS_CONFIGURATION_BUILD_DIR/GTMSessionFetcher\"",
					"\"$PODS_CONFIGURATION_BUILD_DIR/GoogleToolboxForMac-f0850809\"",
					"\"${PODS_ROOT}/FirebaseAnalytics/Frameworks\"",
					"\"${PODS_ROOT}/FirebaseAuth/Frameworks\"",
					"\"${PODS_ROOT}/FirebaseCore/Frameworks\"",
					"\"${PODS_ROOT}/FirebaseDatabase/Frameworks\"",
					"\"${PODS_ROOT}/FirebaseInstanceID/Frameworks\"",
				);
				INFOPLIST_FILE = AutoBuddy/Info.plist;
				IPHONEOS_DEPLOYMENT_TARGET = 10.2;
				LD_RUNPATH_SEARCH_PATHS = "$(inherited) @executable_path/Frameworks";
				PRODUCT_BUNDLE_IDENTIFIER = "Jordan-Kauffman.AutoBuddy";
				PRODUCT_NAME = "$(TARGET_NAME)";
				SWIFT_VERSION = 3.0;
				TARGETED_DEVICE_FAMILY = 1;
			};
			name = Debug;
		};
		29A956791E303CA700AAAD08 /* Release */ = {
			isa = XCBuildConfiguration;
			baseConfigurationReference = 2C21B46B95A5F834BB594115 /* Pods-AutoBuddy.release.xcconfig */;
			buildSettings = {
				ASSETCATALOG_COMPILER_APPICON_NAME = AppIcon;
				CODE_SIGN_IDENTITY = "iPhone Developer";
				"CODE_SIGN_IDENTITY[sdk=iphoneos*]" = "iPhone Developer";
				DEVELOPMENT_TEAM = XC29ANQV89;
				FRAMEWORK_SEARCH_PATHS = (
					"$(inherited)",
					"\"$PODS_CONFIGURATION_BUILD_DIR/GTMSessionFetcher\"",
					"\"$PODS_CONFIGURATION_BUILD_DIR/GoogleToolboxForMac-f0850809\"",
					"\"${PODS_ROOT}/FirebaseAnalytics/Frameworks\"",
					"\"${PODS_ROOT}/FirebaseAuth/Frameworks\"",
					"\"${PODS_ROOT}/FirebaseCore/Frameworks\"",
					"\"${PODS_ROOT}/FirebaseDatabase/Frameworks\"",
					"\"${PODS_ROOT}/FirebaseInstanceID/Frameworks\"",
				);
				INFOPLIST_FILE = AutoBuddy/Info.plist;
				IPHONEOS_DEPLOYMENT_TARGET = 10.2;
				LD_RUNPATH_SEARCH_PATHS = "$(inherited) @executable_path/Frameworks";
				PRODUCT_BUNDLE_IDENTIFIER = "Jordan-Kauffman.AutoBuddy";
				PRODUCT_NAME = "$(TARGET_NAME)";
				SWIFT_VERSION = 3.0;
				TARGETED_DEVICE_FAMILY = 1;
			};
			name = Release;
		};
/* End XCBuildConfiguration section */

/* Begin XCConfigurationList section */
		29A4FD731E9C21650021A071 /* Build configuration list for PBXNativeTarget "AutoBuddyUITests" */ = {
			isa = XCConfigurationList;
			buildConfigurations = (
				29A4FD711E9C21650021A071 /* Debug */,
				29A4FD721E9C21650021A071 /* Release */,
			);
			defaultConfigurationIsVisible = 0;
			defaultConfigurationName = Release;
		};
		29A4FD7F1E9C6EF30021A071 /* Build configuration list for PBXNativeTarget "AutoBuddyTests" */ = {
			isa = XCConfigurationList;
			buildConfigurations = (
				29A4FD801E9C6EF30021A071 /* Debug */,
				29A4FD811E9C6EF30021A071 /* Release */,
			);
			defaultConfigurationIsVisible = 0;
			defaultConfigurationName = Release;
		};
		29A956601E303CA700AAAD08 /* Build configuration list for PBXProject "AutoBuddy" */ = {
			isa = XCConfigurationList;
			buildConfigurations = (
				29A956751E303CA700AAAD08 /* Debug */,
				29A956761E303CA700AAAD08 /* Release */,
			);
			defaultConfigurationIsVisible = 0;
			defaultConfigurationName = Release;
		};
		29A956771E303CA700AAAD08 /* Build configuration list for PBXNativeTarget "AutoBuddy" */ = {
			isa = XCConfigurationList;
			buildConfigurations = (
				29A956781E303CA700AAAD08 /* Debug */,
				29A956791E303CA700AAAD08 /* Release */,
			);
			defaultConfigurationIsVisible = 0;
			defaultConfigurationName = Release;
		};
/* End XCConfigurationList section */
	};
	rootObject = 29A9565D1E303CA700AAAD08 /* Project object */;
}
